
Microsoft Visual Studio Solution File, Format Version 12.00
# Visual Studio Version 17
VisualStudioVersion = 17.5.2.0
MinimumVisualStudioVersion = 10.0.40219.1
Project("{FAE04EC0-301F-11D3-BF4B-00C04F79EFBC}") = "HireGate.Data", "HireGate.Data\HireGate.Data.csproj", "{A1B2C3D4-E5F6-7890-AB12-CD34EF567890}"
EndProject
Project("{FAE04EC0-301F-11D3-BF4B-00C04F79EFBC}") = "HireGate.Repository", "HireGate.Repository\HireGate.Repository.csproj", "{B2C3D4E5-F6G7-8901-BC23-DE45FG678901}"
EndProject
Project("{FAE04EC0-301F-11D3-BF4B-00C04F79EFBC}") = "HireGate.Service", "HireGate.Service\HireGate.Service.csproj", "{C3D4E5F6-G7H8-9012-CD34-EF56GH789012}"
EndProject
Project("{FAE04EC0-301F-11D3-BF4B-00C04F79EFBC}") = "HireGate.API", "HireGate.API\HireGate.API.csproj", "{D4E5F6G7-H8I9-0123-DE45-FG67HI890123}"
EndProject
Project("{FAE04EC0-301F-11D3-BF4B-00C04F79EFBC}") = "HireGate.Data.Tests", "HireGate.Data.Tests\HireGate.Data.Tests.csproj", "{E5F6G7H8-I9J0-1234-EF56-GH78IJ901234}"
EndProject
Project("{FAE04EC0-301F-11D3-BF4B-00C04F79EFBC}") = "HireGate.Repository.Tests", "HireGate.Repository.Tests\HireGate.Repository.Tests.csproj", "{F6G7H8I9-J0K1-2345-FG67-HI89JK012345}"
EndProject
Project("{FAE04EC0-301F-11D3-BF4B-00C04F79EFBC}") = "HireGate.Service.Tests", "HireGate.Service.Tests\HireGate.Service.Tests.csproj", "{G7H8I9J0-K1L2-3456-GH78-IJ90KL123456}"
EndProject
Project("{FAE04EC0-301F-11D3-BF4B-00C04F79EFBC}") = "HireGate.API.Tests", "HireGate.API.Tests\HireGate.API.Tests.csproj", "{H8I9J0K1-L2M3-4567-HI89-JK01LM234567}"
EndProject
Global
	GlobalSection(SolutionConfigurationPlatforms) = preSolution
		Debug|Any CPU = Debug|Any CPU
		Debug|x64 = Debug|x64
		Debug|x86 = Debug|x86
		Release|Any CPU = Release|Any CPU
		Release|x64 = Release|x64
		Release|x86 = Release|x86
	EndGlobalSection
	GlobalSection(ProjectConfigurationPlatforms) = postSolution
		{A1B2C3D4-E5F6-7890-AB12-CD34EF567890}.Debug|Any CPU.ActiveCfg = Debug|Any CPU
		{A1B2C3D4-E5F6-7890-AB12-CD34EF567890}.Debug|Any CPU.Build.0 = Debug|Any CPU
		{A1B2C3D4-E5F6-7890-AB12-CD34EF567890}.Debug|x64.ActiveCfg = Debug|Any CPU
		{A1B2C3D4-E5F6-7890-AB12-CD34EF567890}.Debug|x64.Build.0 = Debug|Any CPU
		{A1B2C3D4-E5F6-7890-AB12-CD34EF567890}.Debug|x86.ActiveCfg = Debug|Any CPU
		{A1B2C3D4-E5F6-7890-AB12-CD34EF567890}.Debug|x86.Build.0 = Debug|Any CPU
		{A1B2C3D4-E5F6-7890-AB12-CD34EF567890}.Release|Any CPU.ActiveCfg = Release|Any CPU
		{A1B2C3D4-E5F6-7890-AB12-CD34EF567890}.Release|Any CPU.Build.0 = Release|Any CPU
		{A1B2C3D4-E5F6-7890-AB12-CD34EF567890}.Release|x64.ActiveCfg = Release|Any CPU
		{A1B2C3D4-E5F6-7890-AB12-CD34EF567890}.Release|x64.Build.0 = Release|Any CPU
		{A1B2C3D4-E5F6-7890-AB12-CD34EF567890}.Release|x86.ActiveCfg = Release|Any CPU
		{A1B2C3D4-E5F6-7890-AB12-CD34EF567890}.Release|x86.Build.0 = Release|Any CPU
		{B2C3D4E5-F6G7-8901-BC23-DE45FG678901}.Debug|Any CPU.ActiveCfg = Debug|Any CPU
		{B2C3D4E5-F6G7-8901-BC23-DE45FG678901}.Debug|Any CPU.Build.0 = Debug|Any CPU
		{B2C3D4E5-F6G7-8901-BC23-DE45FG678901}.Debug|x64.ActiveCfg = Debug|Any CPU
		{B2C3D4E5-F6G7-8901-BC23-DE45FG678901}.Debug|x64.Build.0 = Debug|Any CPU
		{B2C3D4E5-F6G7-8901-BC23-DE45FG678901}.Debug|x86.ActiveCfg = Debug|Any CPU
		{B2C3D4E5-F6G7-8901-BC23-DE45FG678901}.Debug|x86.Build.0 = Debug|Any CPU
		{B2C3D4E5-F6G7-8901-BC23-DE45FG678901}.Release|Any CPU.ActiveCfg = Release|Any CPU
		{B2C3D4E5-F6G7-8901-BC23-DE45FG678901}.Release|Any CPU.Build.0 = Release|Any CPU
		{B2C3D4E5-F6G7-8901-BC23-DE45FG678901}.Release|x64.ActiveCfg = Release|Any CPU
		{B2C3D4E5-F6G7-8901-BC23-DE45FG678901}.Release|x64.Build.0 = Release|Any CPU
		{B2C3D4E5-F6G7-8901-BC23-DE45FG678901}.Release|x86.ActiveCfg = Release|Any CPU
		{B2C3D4E5-F6G7-8901-BC23-DE45FG678901}.Release|x86.Build.0 = Release|Any CPU
		{C3D4E5F6-G7H8-9012-CD34-EF56GH789012}.Debug|Any CPU.ActiveCfg = Debug|Any CPU
		{C3D4E5F6-G7H8-9012-CD34-EF56GH789012}.Debug|Any CPU.Build.0 = Debug|Any CPU
		{C3D4E5F6-G7H8-9012-CD34-EF56GH789012}.Debug|x64.ActiveCfg = Debug|Any CPU
		{C3D4E5F6-G7H8-9012-CD34-EF56GH789012}.Debug|x64.Build.0 = Debug|Any CPU
		{C3D4E5F6-G7H8-9012-CD34-EF56GH789012}.Debug|x86.ActiveCfg = Debug|Any CPU
		{C3D4E5F6-G7H8-9012-CD34-EF56GH789012}.Debug|x86.Build.0 = Debug|Any CPU
		{C3D4E5F6-G7H8-9012-CD34-EF56GH789012}.Release|Any CPU.ActiveCfg = Release|Any CPU
		{C3D4E5F6-G7H8-9012-CD34-EF56GH789012}.Release|Any CPU.Build.0 = Release|Any CPU
		{C3D4E5F6-G7H8-9012-CD34-EF56GH789012}.Release|x64.ActiveCfg = Release|Any CPU
		{C3D4E5F6-G7H8-9012-CD34-EF56GH789012}.Release|x64.Build.0 = Release|Any CPU
		{C3D4E5F6-G7H8-9012-CD34-EF56GH789012}.Release|x86.ActiveCfg = Release|Any CPU
		{C3D4E5F6-G7H8-9012-CD34-EF56GH789012}.Release|x86.Build.0 = Release|Any CPU
		{D4E5F6G7-H8I9-0123-DE45-FG67HI890123}.Debug|Any CPU.ActiveCfg = Debug|Any CPU
		{D4E5F6G7-H8I9-0123-DE45-FG67HI890123}.Debug|Any CPU.Build.0 = Debug|Any CPU
		{D4E5F6G7-H8I9-0123-DE45-FG67HI890123}.Debug|x64.ActiveCfg = Debug|Any CPU
		{D4E5F6G7-H8I9-0123-DE45-FG67HI890123}.Debug|x64.Build.0 = Debug|Any CPU
		{D4E5F6G7-H8I9-0123-DE45-FG67HI890123}.Debug|x86.ActiveCfg = Debug|Any CPU
		{D4E5F6G7-H8I9-0123-DE45-FG67HI890123}.Debug|x86.Build.0 = Debug|Any CPU
		{D4E5F6G7-H8I9-0123-DE45-FG67HI890123}.Release|Any CPU.ActiveCfg = Release|Any CPU
		{D4E5F6G7-H8I9-0123-DE45-FG67HI890123}.Release|Any CPU.Build.0 = Release|Any CPU
		{D4E5F6G7-H8I9-0123-DE45-FG67HI890123}.Release|x64.ActiveCfg = Release|Any CPU
		{D4E5F6G7-H8I9-0123-DE45-FG67HI890123}.Release|x64.Build.0 = Release|Any CPU
		{D4E5F6G7-H8I9-0123-DE45-FG67HI890123}.Release|x86.ActiveCfg = Release|Any CPU
		{D4E5F6G7-H8I9-0123-DE45-FG67HI890123}.Release|x86.Build.0 = Release|Any CPU
		{E5F6G7H8-I9J0-1234-EF56-GH78IJ901234}.Debug|Any CPU.ActiveCfg = Debug|Any CPU
		{E5F6G7H8-I9J0-1234-EF56-GH78IJ901234}.Debug|Any CPU.Build.0 = Debug|Any CPU
		{E5F6G7H8-I9J0-1234-EF56-GH78IJ901234}.Debug|x64.ActiveCfg = Debug|Any CPU
		{E5F6G7H8-I9J0-1234-EF56-GH78IJ901234}.Debug|x64.Build.0 = Debug|Any CPU
		{E5F6G7H8-I9J0-1234-EF56-GH78IJ901234}.Debug|x86.ActiveCfg = Debug|Any CPU
		{E5F6G7H8-I9J0-1234-EF56-GH78IJ901234}.Debug|x86.Build.0 = Debug|Any CPU
		{E5F6G7H8-I9J0-1234-EF56-GH78IJ901234}.Release|Any CPU.ActiveCfg = Release|Any CPU
		{E5F6G7H8-I9J0-1234-EF56-GH78IJ901234}.Release|Any CPU.Build.0 = Release|Any CPU
		{E5F6G7H8-I9J0-1234-EF56-GH78IJ901234}.Release|x64.ActiveCfg = Release|Any CPU
		{E5F6G7H8-I9J0-1234-EF56-GH78IJ901234}.Release|x64.Build.0 = Release|Any CPU
		{E5F6G7H8-I9J0-1234-EF56-GH78IJ901234}.Release|x86.ActiveCfg = Release|Any CPU
		{E5F6G7H8-I9J0-1234-EF56-GH78IJ901234}.Release|x86.Build.0 = Release|Any CPU
		{F6G7H8I9-J0K1-2345-FG67-HI89JK012345}.Debug|Any CPU.ActiveCfg = Debug|Any CPU
		{F6G7H8I9-J0K1-2345-FG67-HI89JK012345}.Debug|Any CPU.Build.0 = Debug|Any CPU
		{F6G7H8I9-J0K1-2345-FG67-HI89JK012345}.Debug|x64.ActiveCfg = Debug|Any CPU
		{F6G7H8I9-J0K1-2345-FG67-HI89JK012345}.Debug|x64.Build.0 = Debug|Any CPU
		{F6G7H8I9-J0K1-2345-FG67-HI89JK012345}.Debug|x86.ActiveCfg = Debug|Any CPU
		{F6G7H8I9-J0K1-2345-FG67-HI89JK012345}.Debug|x86.Build.0 = Debug|Any CPU
		{F6G7H8I9-J0K1-2345-FG67-HI89JK012345}.Release|Any CPU.ActiveCfg = Release|Any CPU
		{F6G7H8I9-J0K1-2345-FG67-HI89JK012345}.Release|Any CPU.Build.0 = Release|Any CPU
		{F6G7H8I9-J0K1-2345-FG67-HI89JK012345}.Release|x64.ActiveCfg = Release|Any CPU
		{F6G7H8I9-J0K1-2345-FG67-HI89JK012345}.Release|x64.Build.0 = Release|Any CPU
		{F6G7H8I9-J0K1-2345-FG67-HI89JK012345}.Release|x86.ActiveCfg = Release|Any CPU
		{F6G7H8I9-J0K1-2345-FG67-HI89JK012345}.Release|x86.Build.0 = Release|Any CPU
		{G7H8I9J0-K1L2-3456-GH78-IJ90KL123456}.Debug|Any CPU.ActiveCfg = Debug|Any CPU
		{G7H8I9J0-K1L2-3456-GH78-IJ90KL123456}.Debug|Any CPU.Build.0 = Debug|Any CPU
		{G7H8I9J0-K1L2-3456-GH78-IJ90KL123456}.Debug|x64.ActiveCfg = Debug|Any CPU
		{G7H8I9J0-K1L2-3456-GH78-IJ90KL123456}.Debug|x64.Build.0 = Debug|Any CPU
		{G7H8I9J0-K1L2-3456-GH78-IJ90KL123456}.Debug|x86.ActiveCfg = Debug|Any CPU
		{G7H8I9J0-K1L2-3456-GH78-IJ90KL123456}.Debug|x86.Build.0 = Debug|Any CPU
		{G7H8I9J0-K1L2-3456-GH78-IJ90KL123456}.Release|Any CPU.ActiveCfg = Release|Any CPU
		{G7H8I9J0-K1L2-3456-GH78-IJ90KL123456}.Release|Any CPU.Build.0 = Release|Any CPU
		{G7H8I9J0-K1L2-3456-GH78-IJ90KL123456}.Release|x64.ActiveCfg = Release|Any CPU
		{G7H8I9J0-K1L2-3456-GH78-IJ90KL123456}.Release|x64.Build.0 = Release|Any CPU
		{G7H8I9J0-K1L2-3456-GH78-IJ90KL123456}.Release|x86.ActiveCfg = Release|Any CPU
		{G7H8I9J0-K1L2-3456-GH78-IJ90KL123456}.Release|x86.Build.0 = Release|Any CPU
		{H8I9J0K1-L2M3-4567-HI89-JK01LM234567}.Debug|Any CPU.ActiveCfg = Debug|Any CPU
		{H8I9J0K1-L2M3-4567-HI89-JK01LM234567}.Debug|Any CPU.Build.0 = Debug|Any CPU
		{H8I9J0K1-L2M3-4567-HI89-JK01LM234567}.Debug|x64.ActiveCfg = Debug|Any CPU
		{H8I9J0K1-L2M3-4567-HI89-JK01LM234567}.Debug|x64.Build.0 = Debug|Any CPU
		{H8I9J0K1-L2M3-4567-HI89-JK01LM234567}.Debug|x86.ActiveCfg = Debug|Any CPU
		{H8I9J0K1-L2M3-4567-HI89-JK01LM234567}.Debug|x86.Build.0 = Debug|Any CPU
		{H8I9J0K1-L2M3-4567-HI89-JK01LM234567}.Release|Any CPU.ActiveCfg = Release|Any CPU
		{H8I9J0K1-L2M3-4567-HI89-JK01LM234567}.Release|Any CPU.Build.0 = Release|Any CPU
		{H8I9J0K1-L2M3-4567-HI89-JK01LM234567}.Release|x64.ActiveCfg = Release|Any CPU
		{H8I9J0K1-L2M3-4567-HI89-JK01LM234567}.Release|x64.Build.0 = Release|Any CPU
		{H8I9J0K1-L2M3-4567-HI89-JK01LM234567}.Release|x86.ActiveCfg = Release|Any CPU
		{H8I9J0K1-L2M3-4567-HI89-JK01LM234567}.Release|x86.Build.0 = Release|Any CPU
	EndGlobalSection
	GlobalSection(SolutionProperties) = preSolution
		HideSolutionNode = FALSE
	EndGlobalSection
	GlobalSection(ExtensibilityGlobals) = postSolution
		SolutionGuid = {B115015B-4FD1-4178-9DF5-CB0B1B9F975F}
	EndGlobalSection
EndGlobal
